{
  "pins" : [
    {
      "identity" : "flex",
      "kind" : "remoteSourceControl",
      "location" : "https://github.com/FLEXTool/FLEX",
      "state" : {
        "revision" : "e0acf59d06d498041f65bbea1e5914b6e4b39733",
        "version" : "5.22.10"
      }
    },
    {
      "identity" : "swiftextensions",
      "kind" : "remoteSourceControl",
      "location" : "https://github.com/u5-03/SwiftExtensions",
      "state" : {
        "branch" : "main",
        "revision" : "5a9953fa391d2d62e9cb490b5aff9c262f6744dd"
      }
    }
  ],
  "version" : 2
}
